
Microsoft Visual Studio Solution File, Format Version 12.00
# Visual Studio 15
VisualStudioVersion = 15.0.27703.2000
MinimumVisualStudioVersion = 10.0.40219.1
Project("{8BC9CEB8-8B4A-11D0-8D11-00A0C91BC942}") = "UniversalStrideLogger", "UniversalStrideLogger\UniversalStrideLogger.vcxproj", "{B196555A-877C-4AE4-8B68-985AD439DD07}"
EndProject
Global
	GlobalSection(SolutionConfigurationPlatforms) = preSolution
		Debug|x64 = Debug|x64
		Debug|x86 = Debug|x86
		Release|x64 = Release|x64
		Release|x86 = Release|x86
	EndGlobalSection
	GlobalSection(ProjectConfigurationPlatforms) = postSolution
		{B196555A-877C-4AE4-8B68-985AD439DD07}.Debug|x64.ActiveCfg = Debug|x64
		{B196555A-877C-4AE4-8B68-985AD439DD07}.Debug|x64.Build.0 = Debug|x64
		{B196555A-877C-4AE4-8B68-985AD439DD07}.Debug|x86.ActiveCfg = Debug|Win32
		{B196555A-877C-4AE4-8B68-985AD439DD07}.Debug|x86.Build.0 = Debug|Win32
		{B196555A-877C-4AE4-8B68-985AD439DD07}.Release|x64.ActiveCfg = Release|x64
		{B196555A-877C-4AE4-8B68-985AD439DD07}.Release|x64.Build.0 = Release|x64
		{B196555A-877C-4AE4-8B68-985AD439DD07}.Release|x86.ActiveCfg = Release|Win32
		{B196555A-877C-4AE4-8B68-985AD439DD07}.Release|x86.Build.0 = Release|Win32
	EndGlobalSection
	GlobalSection(SolutionProperties) = preSolution
		HideSolutionNode = FALSE
	EndGlobalSection
	GlobalSection(ExtensibilityGlobals) = postSolution
		SolutionGuid = {0D3745F6-0416-403D-9385-6831F4A85564}
	EndGlobalSection
EndGlobal
